// !$*UTF8*$!
{
	archiveVersion = 1;
	classes = {
	};
	objectVersion = 46;
	objects = {

/* Begin PBXBuildFile section */
		1004787F1B86961900ED5626 /* AUTLogFormatter.h in Headers */ = {isa = PBXBuildFile; fileRef = 1004787D1B86961900ED5626 /* AUTLogFormatter.h */; settings = {ATTRIBUTES = (Public, ); }; };
		100478801B86961900ED5626 /* AUTLogFormatter.m in Sources */ = {isa = PBXBuildFile; fileRef = 1004787E1B86961900ED5626 /* AUTLogFormatter.m */; };
		100478821B869B9A00ED5626 /* AUTLogFormatterSpec.m in Sources */ = {isa = PBXBuildFile; fileRef = 100478811B869B9A00ED5626 /* AUTLogFormatterSpec.m */; };
		3AD5FF5E1E09A89100D76C10 /* ReactiveObjC.framework in Frameworks */ = {isa = PBXBuildFile; fileRef = 3AD5FF5C1E09A87F00D76C10 /* ReactiveObjC.framework */; };
		3AD5FF5F1E09ABB400D76C10 /* ReactiveObjC.framework in Copy Frameworks */ = {isa = PBXBuildFile; fileRef = 3AD5FF5C1E09A87F00D76C10 /* ReactiveObjC.framework */; settings = {ATTRIBUTES = (CodeSignOnCopy, RemoveHeadersOnCopy, ); }; };
		E4273F911B5734F300F99513 /* AUTBlockLogger.m in Sources */ = {isa = PBXBuildFile; fileRef = E45C232A1B56DFBB0014C344 /* AUTBlockLogger.m */; };
		E45C22E21B55D6EC0014C344 /* AUTLogKit.h in Headers */ = {isa = PBXBuildFile; fileRef = E45C22E11B55D6EC0014C344 /* AUTLogKit.h */; settings = {ATTRIBUTES = (Public, ); }; };
		E45C22E81B55D6ED0014C344 /* AUTLogKit.framework in Frameworks */ = {isa = PBXBuildFile; fileRef = E45C22DC1B55D6EC0014C344 /* AUTLogKit.framework */; };
		E45C23161B55DA910014C344 /* AUTLog.h in Headers */ = {isa = PBXBuildFile; fileRef = E45C23141B55DA910014C344 /* AUTLog.h */; settings = {ATTRIBUTES = (Public, ); }; };
		E45C23191B55DAC20014C344 /* CocoaLumberjack.framework in Frameworks */ = {isa = PBXBuildFile; fileRef = E45C23181B55DAC20014C344 /* CocoaLumberjack.framework */; };
		E45C231F1B55DB730014C344 /* Expecta.framework in Frameworks */ = {isa = PBXBuildFile; fileRef = E45C231D1B55DB730014C344 /* Expecta.framework */; };
		E45C23201B55DB730014C344 /* Specta.framework in Frameworks */ = {isa = PBXBuildFile; fileRef = E45C231E1B55DB730014C344 /* Specta.framework */; };
		E45C23211B55DB7C0014C344 /* Expecta.framework in Copy Frameworks */ = {isa = PBXBuildFile; fileRef = E45C231D1B55DB730014C344 /* Expecta.framework */; settings = {ATTRIBUTES = (CodeSignOnCopy, RemoveHeadersOnCopy, ); }; };
		E45C23221B55DB7C0014C344 /* Specta.framework in Copy Frameworks */ = {isa = PBXBuildFile; fileRef = E45C231E1B55DB730014C344 /* Specta.framework */; settings = {ATTRIBUTES = (CodeSignOnCopy, RemoveHeadersOnCopy, ); }; };
		E45C23231B55DB7C0014C344 /* CocoaLumberjack.framework in Copy Frameworks */ = {isa = PBXBuildFile; fileRef = E45C23181B55DAC20014C344 /* CocoaLumberjack.framework */; settings = {ATTRIBUTES = (CodeSignOnCopy, RemoveHeadersOnCopy, ); }; };
		E45C23241B55DB830014C344 /* CocoaLumberjack.framework in Frameworks */ = {isa = PBXBuildFile; fileRef = E45C23181B55DAC20014C344 /* CocoaLumberjack.framework */; };
		E45C23261B55E4830014C344 /* AUTLogSpec.m in Sources */ = {isa = PBXBuildFile; fileRef = E45C23251B55E4830014C344 /* AUTLogSpec.m */; };
		E45C23281B55F3980014C344 /* AUTLog.m in Sources */ = {isa = PBXBuildFile; fileRef = E45C23271B55F3980014C344 /* AUTLog.m */; };
		E45C232B1B56DFBB0014C344 /* AUTBlockLogger.h in Headers */ = {isa = PBXBuildFile; fileRef = E45C23291B56DFBB0014C344 /* AUTBlockLogger.h */; settings = {ATTRIBUTES = (Public, ); }; };
		E4DA10001BF139F000E98C3F /* AUTLog_Private.h in Headers */ = {isa = PBXBuildFile; fileRef = E4DA0FFF1BF1394300E98C3F /* AUTLog_Private.h */; settings = {ATTRIBUTES = (Private, ); }; };
/* End PBXBuildFile section */

/* Begin PBXContainerItemProxy section */
		E45C22E91B55D6ED0014C344 /* PBXContainerItemProxy */ = {
			isa = PBXContainerItemProxy;
			containerPortal = E45C22D31B55D6EC0014C344 /* Project object */;
			proxyType = 1;
			remoteGlobalIDString = E45C22DB1B55D6EC0014C344;
			remoteInfo = AUTLogKit;
		};
/* End PBXContainerItemProxy section */

/* Begin PBXCopyFilesBuildPhase section */
		E45C231C1B55DB2B0014C344 /* Copy Frameworks */ = {
			isa = PBXCopyFilesBuildPhase;
			buildActionMask = 2147483647;
			dstPath = "";
			dstSubfolderSpec = 10;
			files = (
				3AD5FF5F1E09ABB400D76C10 /* ReactiveObjC.framework in Copy Frameworks */,
				E45C23211B55DB7C0014C344 /* Expecta.framework in Copy Frameworks */,
				E45C23221B55DB7C0014C344 /* Specta.framework in Copy Frameworks */,
				E45C23231B55DB7C0014C344 /* CocoaLumberjack.framework in Copy Frameworks */,
			);
			name = "Copy Frameworks";
			runOnlyForDeploymentPostprocessing = 0;
		};
/* End PBXCopyFilesBuildPhase section */

/* Begin PBXFileReference section */
		1004787D1B86961900ED5626 /* AUTLogFormatter.h */ = {isa = PBXFileReference; fileEncoding = 4; lastKnownFileType = sourcecode.c.h; path = AUTLogFormatter.h; sourceTree = "<group>"; };
		1004787E1B86961900ED5626 /* AUTLogFormatter.m */ = {isa = PBXFileReference; fileEncoding = 4; lastKnownFileType = sourcecode.c.objc; path = AUTLogFormatter.m; sourceTree = "<group>"; };
		100478811B869B9A00ED5626 /* AUTLogFormatterSpec.m */ = {isa = PBXFileReference; fileEncoding = 4; lastKnownFileType = sourcecode.c.objc; path = AUTLogFormatterSpec.m; sourceTree = "<group>"; };
		3AD5FF5C1E09A87F00D76C10 /* ReactiveObjC.framework */ = {isa = PBXFileReference; lastKnownFileType = wrapper.framework; name = ReactiveObjC.framework; path = Carthage/Build/iOS/ReactiveObjC.framework; sourceTree = "<group>"; };
		E45C22DC1B55D6EC0014C344 /* AUTLogKit.framework */ = {isa = PBXFileReference; explicitFileType = wrapper.framework; includeInIndex = 0; path = AUTLogKit.framework; sourceTree = BUILT_PRODUCTS_DIR; };
		E45C22E01B55D6EC0014C344 /* Info.plist */ = {isa = PBXFileReference; lastKnownFileType = text.plist.xml; path = Info.plist; sourceTree = "<group>"; };
		E45C22E11B55D6EC0014C344 /* AUTLogKit.h */ = {isa = PBXFileReference; lastKnownFileType = sourcecode.c.h; path = AUTLogKit.h; sourceTree = "<group>"; };
		E45C22E71B55D6ED0014C344 /* AUTLogKitTests.xctest */ = {isa = PBXFileReference; explicitFileType = wrapper.cfbundle; includeInIndex = 0; path = AUTLogKitTests.xctest; sourceTree = BUILT_PRODUCTS_DIR; };
		E45C22ED1B55D6ED0014C344 /* Info.plist */ = {isa = PBXFileReference; lastKnownFileType = text.plist.xml; path = Info.plist; sourceTree = "<group>"; };
		E45C22F91B55D8590014C344 /* AUTLogKit.xcconfig */ = {isa = PBXFileReference; lastKnownFileType = text.xcconfig; name = AUTLogKit.xcconfig; path = AUTLogKit/AUTLogKit.xcconfig; sourceTree = "<group>"; };
		E45C22FB1B55D86C0014C344 /* Common.xcconfig */ = {isa = PBXFileReference; lastKnownFileType = text.xcconfig; path = Common.xcconfig; sourceTree = "<group>"; };
		E45C22FD1B55D86C0014C344 /* Debug.xcconfig */ = {isa = PBXFileReference; lastKnownFileType = text.xcconfig; path = Debug.xcconfig; sourceTree = "<group>"; };
		E45C22FE1B55D86C0014C344 /* Profile.xcconfig */ = {isa = PBXFileReference; lastKnownFileType = text.xcconfig; path = Profile.xcconfig; sourceTree = "<group>"; };
		E45C22FF1B55D86C0014C344 /* Release.xcconfig */ = {isa = PBXFileReference; lastKnownFileType = text.xcconfig; path = Release.xcconfig; sourceTree = "<group>"; };
		E45C23001B55D86C0014C344 /* Test.xcconfig */ = {isa = PBXFileReference; lastKnownFileType = text.xcconfig; path = Test.xcconfig; sourceTree = "<group>"; };
		E45C23021B55D86C0014C344 /* Application.xcconfig */ = {isa = PBXFileReference; lastKnownFileType = text.xcconfig; path = Application.xcconfig; sourceTree = "<group>"; };
		E45C23031B55D86C0014C344 /* Framework.xcconfig */ = {isa = PBXFileReference; lastKnownFileType = text.xcconfig; path = Framework.xcconfig; sourceTree = "<group>"; };
		E45C23041B55D86C0014C344 /* StaticLibrary.xcconfig */ = {isa = PBXFileReference; lastKnownFileType = text.xcconfig; path = StaticLibrary.xcconfig; sourceTree = "<group>"; };
		E45C230F1B55D86C0014C344 /* iOS-Application.xcconfig */ = {isa = PBXFileReference; lastKnownFileType = text.xcconfig; path = "iOS-Application.xcconfig"; sourceTree = "<group>"; };
		E45C23101B55D86C0014C344 /* iOS-Base.xcconfig */ = {isa = PBXFileReference; lastKnownFileType = text.xcconfig; path = "iOS-Base.xcconfig"; sourceTree = "<group>"; };
		E45C23111B55D86C0014C344 /* iOS-Framework.xcconfig */ = {isa = PBXFileReference; lastKnownFileType = text.xcconfig; path = "iOS-Framework.xcconfig"; sourceTree = "<group>"; };
		E45C23121B55D86C0014C344 /* iOS-StaticLibrary.xcconfig */ = {isa = PBXFileReference; lastKnownFileType = text.xcconfig; path = "iOS-StaticLibrary.xcconfig"; sourceTree = "<group>"; };
		E45C23131B55D8A10014C344 /* AUTLogKitTests.xcconfig */ = {isa = PBXFileReference; lastKnownFileType = text.xcconfig; name = AUTLogKitTests.xcconfig; path = AUTLogKitTests/AUTLogKitTests.xcconfig; sourceTree = SOURCE_ROOT; };
		E45C23141B55DA910014C344 /* AUTLog.h */ = {isa = PBXFileReference; fileEncoding = 4; lastKnownFileType = sourcecode.c.h; path = AUTLog.h; sourceTree = "<group>"; };
		E45C23181B55DAC20014C344 /* CocoaLumberjack.framework */ = {isa = PBXFileReference; lastKnownFileType = wrapper.framework; name = CocoaLumberjack.framework; path = Carthage/Build/iOS/CocoaLumberjack.framework; sourceTree = "<group>"; };
		E45C231D1B55DB730014C344 /* Expecta.framework */ = {isa = PBXFileReference; lastKnownFileType = wrapper.framework; name = Expecta.framework; path = Carthage/Build/iOS/Expecta.framework; sourceTree = "<group>"; };
		E45C231E1B55DB730014C344 /* Specta.framework */ = {isa = PBXFileReference; lastKnownFileType = wrapper.framework; name = Specta.framework; path = Carthage/Build/iOS/Specta.framework; sourceTree = "<group>"; };
		E45C23251B55E4830014C344 /* AUTLogSpec.m */ = {isa = PBXFileReference; fileEncoding = 4; lastKnownFileType = sourcecode.c.objc; path = AUTLogSpec.m; sourceTree = "<group>"; };
		E45C23271B55F3980014C344 /* AUTLog.m */ = {isa = PBXFileReference; fileEncoding = 4; lastKnownFileType = sourcecode.c.objc; path = AUTLog.m; sourceTree = "<group>"; };
		E45C23291B56DFBB0014C344 /* AUTBlockLogger.h */ = {isa = PBXFileReference; fileEncoding = 4; lastKnownFileType = sourcecode.c.h; name = AUTBlockLogger.h; path = ../AUTLogKit/AUTBlockLogger.h; sourceTree = "<group>"; };
		E45C232A1B56DFBB0014C344 /* AUTBlockLogger.m */ = {isa = PBXFileReference; fileEncoding = 4; lastKnownFileType = sourcecode.c.objc; name = AUTBlockLogger.m; path = ../AUTLogKit/AUTBlockLogger.m; sourceTree = "<group>"; };
		E4DA0FFF1BF1394300E98C3F /* AUTLog_Private.h */ = {isa = PBXFileReference; lastKnownFileType = sourcecode.c.h; path = AUTLog_Private.h; sourceTree = "<group>"; };
/* End PBXFileReference section */

/* Begin PBXFrameworksBuildPhase section */
		E45C22D81B55D6EC0014C344 /* Frameworks */ = {
			isa = PBXFrameworksBuildPhase;
			buildActionMask = 2147483647;
			files = (
				E45C23191B55DAC20014C344 /* CocoaLumberjack.framework in Frameworks */,
			);
			runOnlyForDeploymentPostprocessing = 0;
		};
		E45C22E41B55D6ED0014C344 /* Frameworks */ = {
			isa = PBXFrameworksBuildPhase;
			buildActionMask = 2147483647;
			files = (
				E45C22E81B55D6ED0014C344 /* AUTLogKit.framework in Frameworks */,
				E45C23201B55DB730014C344 /* Specta.framework in Frameworks */,
				3AD5FF5E1E09A89100D76C10 /* ReactiveObjC.framework in Frameworks */,
				E45C231F1B55DB730014C344 /* Expecta.framework in Frameworks */,
				E45C23241B55DB830014C344 /* CocoaLumberjack.framework in Frameworks */,
			);
			runOnlyForDeploymentPostprocessing = 0;
		};
/* End PBXFrameworksBuildPhase section */

/* Begin PBXGroup section */
		3AEF94F11B56E69600559E77 /* Specs */ = {
			isa = PBXGroup;
			children = (
				100478811B869B9A00ED5626 /* AUTLogFormatterSpec.m */,
				E45C23251B55E4830014C344 /* AUTLogSpec.m */,
			);
			name = Specs;
			sourceTree = "<group>";
		};
		3AEF94F21B56E6A100559E77 /* Helpers */ = {
			isa = PBXGroup;
			children = (
				E45C23291B56DFBB0014C344 /* AUTBlockLogger.h */,
				E45C232A1B56DFBB0014C344 /* AUTBlockLogger.m */,
			);
			name = Helpers;
			path = AUTLogKitTests;
			sourceTree = SOURCE_ROOT;
		};
		E45C22D21B55D6EC0014C344 = {
			isa = PBXGroup;
			children = (
				E45C22DE1B55D6EC0014C344 /* AUTLogKit */,
				E45C22EB1B55D6ED0014C344 /* AUTLogKitTests */,
				E45C22F81B55D7E90014C344 /* Configuration */,
				E45C231A1B55DAC80014C344 /* Frameworks */,
				E45C22DD1B55D6EC0014C344 /* Products */,
			);
			sourceTree = "<group>";
		};
		E45C22DD1B55D6EC0014C344 /* Products */ = {
			isa = PBXGroup;
			children = (
				E45C22DC1B55D6EC0014C344 /* AUTLogKit.framework */,
				E45C22E71B55D6ED0014C344 /* AUTLogKitTests.xctest */,
			);
			name = Products;
			sourceTree = "<group>";
		};
		E45C22DE1B55D6EC0014C344 /* AUTLogKit */ = {
			isa = PBXGroup;
			children = (
				3AEF94F21B56E6A100559E77 /* Helpers */,
				E45C22E11B55D6EC0014C344 /* AUTLogKit.h */,
				E45C23141B55DA910014C344 /* AUTLog.h */,
				E45C23271B55F3980014C344 /* AUTLog.m */,
				1004787D1B86961900ED5626 /* AUTLogFormatter.h */,
				1004787E1B86961900ED5626 /* AUTLogFormatter.m */,
				E45C22DF1B55D6EC0014C344 /* Supporting Files */,
				E4DA0FFF1BF1394300E98C3F /* AUTLog_Private.h */,
			);
			path = AUTLogKit;
			sourceTree = "<group>";
		};
		E45C22DF1B55D6EC0014C344 /* Supporting Files */ = {
			isa = PBXGroup;
			children = (
				E45C22E01B55D6EC0014C344 /* Info.plist */,
			);
			name = "Supporting Files";
			sourceTree = "<group>";
		};
		E45C22EB1B55D6ED0014C344 /* AUTLogKitTests */ = {
			isa = PBXGroup;
			children = (
				3AEF94F11B56E69600559E77 /* Specs */,
				E45C22EC1B55D6ED0014C344 /* Supporting Files */,
			);
			path = AUTLogKitTests;
			sourceTree = "<group>";
		};
		E45C22EC1B55D6ED0014C344 /* Supporting Files */ = {
			isa = PBXGroup;
			children = (
				E45C22ED1B55D6ED0014C344 /* Info.plist */,
			);
			name = "Supporting Files";
			sourceTree = "<group>";
		};
		E45C22F81B55D7E90014C344 /* Configuration */ = {
			isa = PBXGroup;
			children = (
				E45C22F91B55D8590014C344 /* AUTLogKit.xcconfig */,
				E45C23131B55D8A10014C344 /* AUTLogKitTests.xcconfig */,
				E45C22FA1B55D86C0014C344 /* Base */,
				E45C230E1B55D86C0014C344 /* iOS */,
			);
			name = Configuration;
			sourceTree = "<group>";
		};
		E45C22FA1B55D86C0014C344 /* Base */ = {
			isa = PBXGroup;
			children = (
				E45C22FB1B55D86C0014C344 /* Common.xcconfig */,
				E45C22FC1B55D86C0014C344 /* Configurations */,
				E45C23011B55D86C0014C344 /* Targets */,
			);
			name = Base;
			path = Carthage/Checkouts/xcconfigs/Base;
			sourceTree = "<group>";
		};
		E45C22FC1B55D86C0014C344 /* Configurations */ = {
			isa = PBXGroup;
			children = (
				E45C22FD1B55D86C0014C344 /* Debug.xcconfig */,
				E45C22FE1B55D86C0014C344 /* Profile.xcconfig */,
				E45C22FF1B55D86C0014C344 /* Release.xcconfig */,
				E45C23001B55D86C0014C344 /* Test.xcconfig */,
			);
			path = Configurations;
			sourceTree = "<group>";
		};
		E45C23011B55D86C0014C344 /* Targets */ = {
			isa = PBXGroup;
			children = (
				E45C23021B55D86C0014C344 /* Application.xcconfig */,
				E45C23031B55D86C0014C344 /* Framework.xcconfig */,
				E45C23041B55D86C0014C344 /* StaticLibrary.xcconfig */,
			);
			path = Targets;
			sourceTree = "<group>";
		};
		E45C230E1B55D86C0014C344 /* iOS */ = {
			isa = PBXGroup;
			children = (
				E45C230F1B55D86C0014C344 /* iOS-Application.xcconfig */,
				E45C23101B55D86C0014C344 /* iOS-Base.xcconfig */,
				E45C23111B55D86C0014C344 /* iOS-Framework.xcconfig */,
				E45C23121B55D86C0014C344 /* iOS-StaticLibrary.xcconfig */,
			);
			name = iOS;
			path = Carthage/Checkouts/xcconfigs/iOS;
			sourceTree = "<group>";
		};
		E45C231A1B55DAC80014C344 /* Frameworks */ = {
			isa = PBXGroup;
			children = (
				E45C23181B55DAC20014C344 /* CocoaLumberjack.framework */,
				E45C231D1B55DB730014C344 /* Expecta.framework */,
				3AD5FF5C1E09A87F00D76C10 /* ReactiveObjC.framework */,
				E45C231E1B55DB730014C344 /* Specta.framework */,
			);
			name = Frameworks;
			sourceTree = "<group>";
		};
/* End PBXGroup section */

/* Begin PBXHeadersBuildPhase section */
		E45C22D91B55D6EC0014C344 /* Headers */ = {
			isa = PBXHeadersBuildPhase;
			buildActionMask = 2147483647;
			files = (
				E45C232B1B56DFBB0014C344 /* AUTBlockLogger.h in Headers */,
				E45C23161B55DA910014C344 /* AUTLog.h in Headers */,
				E4DA10001BF139F000E98C3F /* AUTLog_Private.h in Headers */,
				E45C22E21B55D6EC0014C344 /* AUTLogKit.h in Headers */,
				1004787F1B86961900ED5626 /* AUTLogFormatter.h in Headers */,
			);
			runOnlyForDeploymentPostprocessing = 0;
		};
/* End PBXHeadersBuildPhase section */

/* Begin PBXNativeTarget section */
		E45C22DB1B55D6EC0014C344 /* AUTLogKit */ = {
			isa = PBXNativeTarget;
			buildConfigurationList = E45C22F21B55D6ED0014C344 /* Build configuration list for PBXNativeTarget "AUTLogKit" */;
			buildPhases = (
				E45C22D71B55D6EC0014C344 /* Sources */,
				E45C22D81B55D6EC0014C344 /* Frameworks */,
				E45C22D91B55D6EC0014C344 /* Headers */,
				E45C22DA1B55D6EC0014C344 /* Resources */,
				E45C231B1B55DB190014C344 /* Copy Product to Carthage/Build/iOS */,
			);
			buildRules = (
			);
			dependencies = (
			);
			name = AUTLogKit;
			productName = AUTLogKit;
			productReference = E45C22DC1B55D6EC0014C344 /* AUTLogKit.framework */;
			productType = "com.apple.product-type.framework";
		};
		E45C22E61B55D6ED0014C344 /* AUTLogKitTests */ = {
			isa = PBXNativeTarget;
			buildConfigurationList = E45C22F51B55D6ED0014C344 /* Build configuration list for PBXNativeTarget "AUTLogKitTests" */;
			buildPhases = (
				E45C22E31B55D6ED0014C344 /* Sources */,
				E45C22E41B55D6ED0014C344 /* Frameworks */,
				E45C22E51B55D6ED0014C344 /* Resources */,
				E45C231C1B55DB2B0014C344 /* Copy Frameworks */,
			);
			buildRules = (
			);
			dependencies = (
				E45C22EA1B55D6ED0014C344 /* PBXTargetDependency */,
			);
			name = AUTLogKitTests;
			productName = AUTLogKitTests;
			productReference = E45C22E71B55D6ED0014C344 /* AUTLogKitTests.xctest */;
			productType = "com.apple.product-type.bundle.unit-test";
		};
/* End PBXNativeTarget section */

/* Begin PBXProject section */
		E45C22D31B55D6EC0014C344 /* Project object */ = {
			isa = PBXProject;
			attributes = {
				LastUpgradeCheck = 0820;
				ORGANIZATIONNAME = "Automatic Labs";
				TargetAttributes = {
					E45C22DB1B55D6EC0014C344 = {
						CreatedOnToolsVersion = 6.4;
					};
					E45C22E61B55D6ED0014C344 = {
						CreatedOnToolsVersion = 6.4;
					};
				};
			};
			buildConfigurationList = E45C22D61B55D6EC0014C344 /* Build configuration list for PBXProject "AUTLogKit" */;
			compatibilityVersion = "Xcode 3.2";
			developmentRegion = English;
			hasScannedForEncodings = 0;
			knownRegions = (
				en,
			);
			mainGroup = E45C22D21B55D6EC0014C344;
			productRefGroup = E45C22DD1B55D6EC0014C344 /* Products */;
			projectDirPath = "";
			projectRoot = "";
			targets = (
				E45C22DB1B55D6EC0014C344 /* AUTLogKit */,
				E45C22E61B55D6ED0014C344 /* AUTLogKitTests */,
			);
		};
/* End PBXProject section */

/* Begin PBXResourcesBuildPhase section */
		E45C22DA1B55D6EC0014C344 /* Resources */ = {
			isa = PBXResourcesBuildPhase;
			buildActionMask = 2147483647;
			files = (
			);
			runOnlyForDeploymentPostprocessing = 0;
		};
		E45C22E51B55D6ED0014C344 /* Resources */ = {
			isa = PBXResourcesBuildPhase;
			buildActionMask = 2147483647;
			files = (
			);
			runOnlyForDeploymentPostprocessing = 0;
		};
/* End PBXResourcesBuildPhase section */

/* Begin PBXShellScriptBuildPhase section */
		E45C231B1B55DB190014C344 /* Copy Product to Carthage/Build/iOS */ = {
			isa = PBXShellScriptBuildPhase;
			buildActionMask = 2147483647;
			files = (
			);
			inputPaths = (
			);
			name = "Copy Product to Carthage/Build/iOS";
			outputPaths = (
			);
			runOnlyForDeploymentPostprocessing = 0;
			shellPath = /bin/sh;
			shellScript = "build_dir=\"$SRCROOT/Carthage/Build\"\n\n# Only copy when the Carthage/Build directory is a symlink\nif ! [ -L \"$build_dir\" ]; then exit 0; fi\n\nrsync --delete -av \"$BUILT_PRODUCTS_DIR/$PRODUCT_NAME\"* \"$build_dir/iOS\"";
		};
/* End PBXShellScriptBuildPhase section */

/* Begin PBXSourcesBuildPhase section */
		E45C22D71B55D6EC0014C344 /* Sources */ = {
			isa = PBXSourcesBuildPhase;
			buildActionMask = 2147483647;
			files = (
				E45C23281B55F3980014C344 /* AUTLog.m in Sources */,
				100478801B86961900ED5626 /* AUTLogFormatter.m in Sources */,
				E4273F911B5734F300F99513 /* AUTBlockLogger.m in Sources */,
			);
			runOnlyForDeploymentPostprocessing = 0;
		};
		E45C22E31B55D6ED0014C344 /* Sources */ = {
			isa = PBXSourcesBuildPhase;
			buildActionMask = 2147483647;
			files = (
				E45C23261B55E4830014C344 /* AUTLogSpec.m in Sources */,
				100478821B869B9A00ED5626 /* AUTLogFormatterSpec.m in Sources */,
			);
			runOnlyForDeploymentPostprocessing = 0;
		};
/* End PBXSourcesBuildPhase section */

/* Begin PBXTargetDependency section */
		E45C22EA1B55D6ED0014C344 /* PBXTargetDependency */ = {
			isa = PBXTargetDependency;
			target = E45C22DB1B55D6EC0014C344 /* AUTLogKit */;
			targetProxy = E45C22E91B55D6ED0014C344 /* PBXContainerItemProxy */;
		};
/* End PBXTargetDependency section */

/* Begin XCBuildConfiguration section */
		E45C22F01B55D6ED0014C344 /* Debug */ = {
			isa = XCBuildConfiguration;
			baseConfigurationReference = E45C22FD1B55D86C0014C344 /* Debug.xcconfig */;
			buildSettings = {
			};
			name = Debug;
		};
		E45C22F11B55D6ED0014C344 /* Release */ = {
			isa = XCBuildConfiguration;
			baseConfigurationReference = E45C22FF1B55D86C0014C344 /* Release.xcconfig */;
			buildSettings = {
			};
			name = Release;
		};
		E45C22F31B55D6ED0014C344 /* Debug */ = {
			isa = XCBuildConfiguration;
			baseConfigurationReference = E45C22F91B55D8590014C344 /* AUTLogKit.xcconfig */;
			buildSettings = {
			};
			name = Debug;
		};
		E45C22F41B55D6ED0014C344 /* Release */ = {
			isa = XCBuildConfiguration;
			baseConfigurationReference = E45C22F91B55D8590014C344 /* AUTLogKit.xcconfig */;
			buildSettings = {
			};
			name = Release;
		};
		E45C22F61B55D6ED0014C344 /* Debug */ = {
			isa = XCBuildConfiguration;
			baseConfigurationReference = E45C23131B55D8A10014C344 /* AUTLogKitTests.xcconfig */;
			buildSettings = {
			};
			name = Debug;
		};
		E45C22F71B55D6ED0014C344 /* Release */ = {
			isa = XCBuildConfiguration;
			baseConfigurationReference = E45C23131B55D8A10014C344 /* AUTLogKitTests.xcconfig */;
			buildSettings = {
			};
			name = Release;
		};
/* End XCBuildConfiguration section */

/* Begin XCConfigurationList section */
		E45C22D61B55D6EC0014C344 /* Build configuration list for PBXProject "AUTLogKit" */ = {
			isa = XCConfigurationList;
			buildConfigurations = (
				E45C22F01B55D6ED0014C344 /* Debug */,
				E45C22F11B55D6ED0014C344 /* Release */,
			);
			defaultConfigurationIsVisible = 0;
			defaultConfigurationName = Release;
		};
		E45C22F21B55D6ED0014C344 /* Build configuration list for PBXNativeTarget "AUTLogKit" */ = {
			isa = XCConfigurationList;
			buildConfigurations = (
				E45C22F31B55D6ED0014C344 /* Debug */,
				E45C22F41B55D6ED0014C344 /* Release */,
			);
			defaultConfigurationIsVisible = 0;
			defaultConfigurationName = Release;
		};
		E45C22F51B55D6ED0014C344 /* Build configuration list for PBXNativeTarget "AUTLogKitTests" */ = {
			isa = XCConfigurationList;
			buildConfigurations = (
				E45C22F61B55D6ED0014C344 /* Debug */,
				E45C22F71B55D6ED0014C344 /* Release */,
			);
			defaultConfigurationIsVisible = 0;
			defaultConfigurationName = Release;
		};
/* End XCConfigurationList section */
	};
	rootObject = E45C22D31B55D6EC0014C344 /* Project object */;
}
